
Microsoft Visual Studio Solution File, Format Version 12.00
# Visual Studio 15
VisualStudioVersion = 15.0.28010.2048
MinimumVisualStudioVersion = 10.0.40219.1
Project("{FAE04EC0-301F-11D3-BF4B-00C04F79EFBC}") = "MyFirstCoreApi", "MyFirstCoreApi\MyFirstCoreApi.csproj", "{BA431152-4B3D-42F9-AA4C-F9EB71922C4E}"
EndProject
Global
	GlobalSection(SolutionConfigurationPlatforms) = preSolution
		Debug|Any CPU = Debug|Any CPU
		Release|Any CPU = Release|Any CPU
	EndGlobalSection
	GlobalSection(ProjectConfigurationPlatforms) = postSolution
		{BA431152-4B3D-42F9-AA4C-F9EB71922C4E}.Debug|Any CPU.ActiveCfg = Debug|Any CPU
		{BA431152-4B3D-42F9-AA4C-F9EB71922C4E}.Debug|Any CPU.Build.0 = Debug|Any CPU
		{BA431152-4B3D-42F9-AA4C-F9EB71922C4E}.Release|Any CPU.ActiveCfg = Release|Any CPU
		{BA431152-4B3D-42F9-AA4C-F9EB71922C4E}.Release|Any CPU.Build.0 = Release|Any CPU
	EndGlobalSection
	GlobalSection(SolutionProperties) = preSolution
		HideSolutionNode = FALSE
	EndGlobalSection
	GlobalSection(ExtensibilityGlobals) = postSolution
		SolutionGuid = {3BB97319-245F-4267-9AE7-96D47FB5D493}
	EndGlobalSection
EndGlobal
